
Microsoft Visual Studio Solution File, Format Version 12.00
# Visual Studio Version 16
VisualStudioVersion = 16.0.31025.194
MinimumVisualStudioVersion = 10.0.40219.1
Project("{8BC9CEB8-8B4A-11D0-8D11-00A0C91BC942}") = "Problem 1 (Multiples of 3 and 5)", "Problem 1 (Multiples of 3 and 5)\Problem 1 (Multiples of 3 and 5).vcxproj", "{E6AAAAA5-8126-423F-A60F-F6CEA720C73C}"
EndProject
Project("{8BC9CEB8-8B4A-11D0-8D11-00A0C91BC942}") = "Problem 2 (Even Fibonacci numbers)", "Problem 2 (Even Fibonacci numbers)\Problem 2 (Even Fibonacci numbers).vcxproj", "{3F1D49A2-AEA1-4CC6-8E2E-D0496C51F584}"
EndProject
Project("{8BC9CEB8-8B4A-11D0-8D11-00A0C91BC942}") = "Problem 3 (Largest prime factor)", "Problem 3 (Largest prime factor)\Problem 3 (Largest prime factor).vcxproj", "{8DFADFC0-AA2C-4519-9F18-657F8A993CAE}"
EndProject
Project("{8BC9CEB8-8B4A-11D0-8D11-00A0C91BC942}") = "Problem 6 (Sum square difference)", "Problem 6 (Sum square difference)\Problem 6 (Sum square difference).vcxproj", "{6A84A90D-E10E-4A64-AEF4-AF5C7AD6170D}"
EndProject
Project("{8BC9CEB8-8B4A-11D0-8D11-00A0C91BC942}") = "Problem 16 (Power digit sum)", "Problem 16 (Power digit sum)\Problem 16 (Power digit sum).vcxproj", "{3DDA761E-4EF4-4C8D-ABED-46F00C60A5AC}"
EndProject
Project("{8BC9CEB8-8B4A-11D0-8D11-00A0C91BC942}") = "Problem 5 (Smallest multiple)", "Problem 5 (Smallest multiple)\Problem 5 (Smallest multiple).vcxproj", "{D4D6817E-04A1-43AC-A541-BD58A40A67FB}"
EndProject
Project("{8BC9CEB8-8B4A-11D0-8D11-00A0C91BC942}") = "Problem 7 (10001st prime)", "Problem 7 (10001st prime)\Problem 7 (10001st prime).vcxproj", "{434FD793-C430-4369-8D5A-AAE7ECCFF738}"
EndProject
Project("{8BC9CEB8-8B4A-11D0-8D11-00A0C91BC942}") = "Problem 19 (Counting Sundays)", "Problem 19 (Counting Sundays)\Problem 19 (Counting Sundays).vcxproj", "{35570B1B-C7C2-4FF2-B84E-21022BFFD74C}"
EndProject
Project("{8BC9CEB8-8B4A-11D0-8D11-00A0C91BC942}") = "Problem 28 (Number spiral diagonals)", "Problem 28 (Number spiral diagonals)\Problem 28 (Number spiral diagonals).vcxproj", "{4EDF722C-D303-4D12-B7BD-4FF209F854A7}"
EndProject
Global
	GlobalSection(SolutionConfigurationPlatforms) = preSolution
		Debug|x64 = Debug|x64
		Debug|x86 = Debug|x86
		Release|x64 = Release|x64
		Release|x86 = Release|x86
	EndGlobalSection
	GlobalSection(ProjectConfigurationPlatforms) = postSolution
		{E6AAAAA5-8126-423F-A60F-F6CEA720C73C}.Debug|x64.ActiveCfg = Debug|x64
		{E6AAAAA5-8126-423F-A60F-F6CEA720C73C}.Debug|x64.Build.0 = Debug|x64
		{E6AAAAA5-8126-423F-A60F-F6CEA720C73C}.Debug|x86.ActiveCfg = Debug|Win32
		{E6AAAAA5-8126-423F-A60F-F6CEA720C73C}.Debug|x86.Build.0 = Debug|Win32
		{E6AAAAA5-8126-423F-A60F-F6CEA720C73C}.Release|x64.ActiveCfg = Release|x64
		{E6AAAAA5-8126-423F-A60F-F6CEA720C73C}.Release|x64.Build.0 = Release|x64
		{E6AAAAA5-8126-423F-A60F-F6CEA720C73C}.Release|x86.ActiveCfg = Release|Win32
		{E6AAAAA5-8126-423F-A60F-F6CEA720C73C}.Release|x86.Build.0 = Release|Win32
		{3F1D49A2-AEA1-4CC6-8E2E-D0496C51F584}.Debug|x64.ActiveCfg = Debug|x64
		{3F1D49A2-AEA1-4CC6-8E2E-D0496C51F584}.Debug|x64.Build.0 = Debug|x64
		{3F1D49A2-AEA1-4CC6-8E2E-D0496C51F584}.Debug|x86.ActiveCfg = Debug|Win32
		{3F1D49A2-AEA1-4CC6-8E2E-D0496C51F584}.Debug|x86.Build.0 = Debug|Win32
		{3F1D49A2-AEA1-4CC6-8E2E-D0496C51F584}.Release|x64.ActiveCfg = Release|x64
		{3F1D49A2-AEA1-4CC6-8E2E-D0496C51F584}.Release|x64.Build.0 = Release|x64
		{3F1D49A2-AEA1-4CC6-8E2E-D0496C51F584}.Release|x86.ActiveCfg = Release|Win32
		{3F1D49A2-AEA1-4CC6-8E2E-D0496C51F584}.Release|x86.Build.0 = Release|Win32
		{8DFADFC0-AA2C-4519-9F18-657F8A993CAE}.Debug|x64.ActiveCfg = Debug|x64
		{8DFADFC0-AA2C-4519-9F18-657F8A993CAE}.Debug|x64.Build.0 = Debug|x64
		{8DFADFC0-AA2C-4519-9F18-657F8A993CAE}.Debug|x86.ActiveCfg = Debug|Win32
		{8DFADFC0-AA2C-4519-9F18-657F8A993CAE}.Debug|x86.Build.0 = Debug|Win32
		{8DFADFC0-AA2C-4519-9F18-657F8A993CAE}.Release|x64.ActiveCfg = Release|x64
		{8DFADFC0-AA2C-4519-9F18-657F8A993CAE}.Release|x64.Build.0 = Release|x64
		{8DFADFC0-AA2C-4519-9F18-657F8A993CAE}.Release|x86.ActiveCfg = Release|Win32
		{8DFADFC0-AA2C-4519-9F18-657F8A993CAE}.Release|x86.Build.0 = Release|Win32
		{6A84A90D-E10E-4A64-AEF4-AF5C7AD6170D}.Debug|x64.ActiveCfg = Debug|x64
		{6A84A90D-E10E-4A64-AEF4-AF5C7AD6170D}.Debug|x64.Build.0 = Debug|x64
		{6A84A90D-E10E-4A64-AEF4-AF5C7AD6170D}.Debug|x86.ActiveCfg = Debug|Win32
		{6A84A90D-E10E-4A64-AEF4-AF5C7AD6170D}.Debug|x86.Build.0 = Debug|Win32
		{6A84A90D-E10E-4A64-AEF4-AF5C7AD6170D}.Release|x64.ActiveCfg = Release|x64
		{6A84A90D-E10E-4A64-AEF4-AF5C7AD6170D}.Release|x64.Build.0 = Release|x64
		{6A84A90D-E10E-4A64-AEF4-AF5C7AD6170D}.Release|x86.ActiveCfg = Release|Win32
		{6A84A90D-E10E-4A64-AEF4-AF5C7AD6170D}.Release|x86.Build.0 = Release|Win32
		{3DDA761E-4EF4-4C8D-ABED-46F00C60A5AC}.Debug|x64.ActiveCfg = Debug|x64
		{3DDA761E-4EF4-4C8D-ABED-46F00C60A5AC}.Debug|x64.Build.0 = Debug|x64
		{3DDA761E-4EF4-4C8D-ABED-46F00C60A5AC}.Debug|x86.ActiveCfg = Debug|Win32
		{3DDA761E-4EF4-4C8D-ABED-46F00C60A5AC}.Debug|x86.Build.0 = Debug|Win32
		{3DDA761E-4EF4-4C8D-ABED-46F00C60A5AC}.Release|x64.ActiveCfg = Release|x64
		{3DDA761E-4EF4-4C8D-ABED-46F00C60A5AC}.Release|x64.Build.0 = Release|x64
		{3DDA761E-4EF4-4C8D-ABED-46F00C60A5AC}.Release|x86.ActiveCfg = Release|Win32
		{3DDA761E-4EF4-4C8D-ABED-46F00C60A5AC}.Release|x86.Build.0 = Release|Win32
		{D4D6817E-04A1-43AC-A541-BD58A40A67FB}.Debug|x64.ActiveCfg = Debug|x64
		{D4D6817E-04A1-43AC-A541-BD58A40A67FB}.Debug|x64.Build.0 = Debug|x64
		{D4D6817E-04A1-43AC-A541-BD58A40A67FB}.Debug|x86.ActiveCfg = Debug|Win32
		{D4D6817E-04A1-43AC-A541-BD58A40A67FB}.Debug|x86.Build.0 = Debug|Win32
		{D4D6817E-04A1-43AC-A541-BD58A40A67FB}.Release|x64.ActiveCfg = Release|x64
		{D4D6817E-04A1-43AC-A541-BD58A40A67FB}.Release|x64.Build.0 = Release|x64
		{D4D6817E-04A1-43AC-A541-BD58A40A67FB}.Release|x86.ActiveCfg = Release|Win32
		{D4D6817E-04A1-43AC-A541-BD58A40A67FB}.Release|x86.Build.0 = Release|Win32
		{434FD793-C430-4369-8D5A-AAE7ECCFF738}.Debug|x64.ActiveCfg = Debug|x64
		{434FD793-C430-4369-8D5A-AAE7ECCFF738}.Debug|x64.Build.0 = Debug|x64
		{434FD793-C430-4369-8D5A-AAE7ECCFF738}.Debug|x86.ActiveCfg = Debug|Win32
		{434FD793-C430-4369-8D5A-AAE7ECCFF738}.Debug|x86.Build.0 = Debug|Win32
		{434FD793-C430-4369-8D5A-AAE7ECCFF738}.Release|x64.ActiveCfg = Release|x64
		{434FD793-C430-4369-8D5A-AAE7ECCFF738}.Release|x64.Build.0 = Release|x64
		{434FD793-C430-4369-8D5A-AAE7ECCFF738}.Release|x86.ActiveCfg = Release|Win32
		{434FD793-C430-4369-8D5A-AAE7ECCFF738}.Release|x86.Build.0 = Release|Win32
		{35570B1B-C7C2-4FF2-B84E-21022BFFD74C}.Debug|x64.ActiveCfg = Debug|x64
		{35570B1B-C7C2-4FF2-B84E-21022BFFD74C}.Debug|x64.Build.0 = Debug|x64
		{35570B1B-C7C2-4FF2-B84E-21022BFFD74C}.Debug|x86.ActiveCfg = Debug|Win32
		{35570B1B-C7C2-4FF2-B84E-21022BFFD74C}.Debug|x86.Build.0 = Debug|Win32
		{35570B1B-C7C2-4FF2-B84E-21022BFFD74C}.Release|x64.ActiveCfg = Release|x64
		{35570B1B-C7C2-4FF2-B84E-21022BFFD74C}.Release|x64.Build.0 = Release|x64
		{35570B1B-C7C2-4FF2-B84E-21022BFFD74C}.Release|x86.ActiveCfg = Release|Win32
		{35570B1B-C7C2-4FF2-B84E-21022BFFD74C}.Release|x86.Build.0 = Release|Win32
		{4EDF722C-D303-4D12-B7BD-4FF209F854A7}.Debug|x64.ActiveCfg = Debug|x64
		{4EDF722C-D303-4D12-B7BD-4FF209F854A7}.Debug|x64.Build.0 = Debug|x64
		{4EDF722C-D303-4D12-B7BD-4FF209F854A7}.Debug|x86.ActiveCfg = Debug|Win32
		{4EDF722C-D303-4D12-B7BD-4FF209F854A7}.Debug|x86.Build.0 = Debug|Win32
		{4EDF722C-D303-4D12-B7BD-4FF209F854A7}.Release|x64.ActiveCfg = Release|x64
		{4EDF722C-D303-4D12-B7BD-4FF209F854A7}.Release|x64.Build.0 = Release|x64
		{4EDF722C-D303-4D12-B7BD-4FF209F854A7}.Release|x86.ActiveCfg = Release|Win32
		{4EDF722C-D303-4D12-B7BD-4FF209F854A7}.Release|x86.Build.0 = Release|Win32
	EndGlobalSection
	GlobalSection(SolutionProperties) = preSolution
		HideSolutionNode = FALSE
	EndGlobalSection
	GlobalSection(ExtensibilityGlobals) = postSolution
		SolutionGuid = {7F7BBCE2-A921-4312-92F4-7E645C784CD8}
	EndGlobalSection
EndGlobal
